
Microsoft Visual Studio Solution File, Format Version 11.00
# Visual Studio 2010
Project("{FAE04EC0-301F-11D3-BF4B-00C04F79EFBC}") = "CpuPcStack", "CpuPcStack\CpuPcStack.csproj", "{CEB4D561-F634-4573-AFE8-99280125AA5B}"
EndProject
Project("{2150E333-8FDC-42A3-9474-1A3956D46DE8}") = "Solution Items", "Solution Items", "{4DFF85B5-60A2-4D4D-898B-734298A45E43}"
EndProject
Project("{FAE04EC0-301F-11D3-BF4B-00C04F79EFBC}") = "cpsLIB", "cpsLIB\cpsLIB.csproj", "{50677F71-1380-4708-8BFC-3C4812E85E2B}"
EndProject
Global
	GlobalSection(SolutionConfigurationPlatforms) = preSolution
		Debug|Any CPU = Debug|Any CPU
		Debug|Mixed Platforms = Debug|Mixed Platforms
		Debug|x86 = Debug|x86
		Release|Any CPU = Release|Any CPU
		Release|Mixed Platforms = Release|Mixed Platforms
		Release|x86 = Release|x86
	EndGlobalSection
	GlobalSection(ProjectConfigurationPlatforms) = postSolution
		{CEB4D561-F634-4573-AFE8-99280125AA5B}.Debug|Any CPU.ActiveCfg = Debug|x86
		{CEB4D561-F634-4573-AFE8-99280125AA5B}.Debug|Mixed Platforms.ActiveCfg = Debug|x86
		{CEB4D561-F634-4573-AFE8-99280125AA5B}.Debug|Mixed Platforms.Build.0 = Debug|x86
		{CEB4D561-F634-4573-AFE8-99280125AA5B}.Debug|x86.ActiveCfg = Debug|x86
		{CEB4D561-F634-4573-AFE8-99280125AA5B}.Debug|x86.Build.0 = Debug|x86
		{CEB4D561-F634-4573-AFE8-99280125AA5B}.Release|Any CPU.ActiveCfg = Release|x86
		{CEB4D561-F634-4573-AFE8-99280125AA5B}.Release|Mixed Platforms.ActiveCfg = Release|x86
		{CEB4D561-F634-4573-AFE8-99280125AA5B}.Release|Mixed Platforms.Build.0 = Release|x86
		{CEB4D561-F634-4573-AFE8-99280125AA5B}.Release|x86.ActiveCfg = Release|x86
		{CEB4D561-F634-4573-AFE8-99280125AA5B}.Release|x86.Build.0 = Release|x86
		{50677F71-1380-4708-8BFC-3C4812E85E2B}.Debug|Any CPU.ActiveCfg = Debug|Any CPU
		{50677F71-1380-4708-8BFC-3C4812E85E2B}.Debug|Any CPU.Build.0 = Debug|Any CPU
		{50677F71-1380-4708-8BFC-3C4812E85E2B}.Debug|Mixed Platforms.ActiveCfg = Debug|Any CPU
		{50677F71-1380-4708-8BFC-3C4812E85E2B}.Debug|Mixed Platforms.Build.0 = Debug|Any CPU
		{50677F71-1380-4708-8BFC-3C4812E85E2B}.Debug|x86.ActiveCfg = Debug|Any CPU
		{50677F71-1380-4708-8BFC-3C4812E85E2B}.Release|Any CPU.ActiveCfg = Release|Any CPU
		{50677F71-1380-4708-8BFC-3C4812E85E2B}.Release|Any CPU.Build.0 = Release|Any CPU
		{50677F71-1380-4708-8BFC-3C4812E85E2B}.Release|Mixed Platforms.ActiveCfg = Release|Any CPU
		{50677F71-1380-4708-8BFC-3C4812E85E2B}.Release|Mixed Platforms.Build.0 = Release|Any CPU
		{50677F71-1380-4708-8BFC-3C4812E85E2B}.Release|x86.ActiveCfg = Release|Any CPU
	EndGlobalSection
	GlobalSection(SolutionProperties) = preSolution
		HideSolutionNode = FALSE
	EndGlobalSection
EndGlobal
